
Microsoft Visual Studio Solution File, Format Version 12.00
# Visual Studio Version 16
VisualStudioVersion = 16.0.30204.135
MinimumVisualStudioVersion = 10.0.40219.1
Project("{8BC9CEB8-8B4A-11D0-8D11-00A0C91BC942}") = "DSPA6", "DSPA6\DSPA6.vcxproj", "{2A6383B3-CC64-411C-914A-7966FF8CCBED}"
EndProject
Project("{8BC9CEB8-8B4A-11D0-8D11-00A0C91BC942}") = "DSPA5", "..\DSPA5\DSPA5\DSPA5.vcxproj", "{BAC6DBE9-4362-48D9-B367-8B0592783B4D}"
EndProject
Global
	GlobalSection(SolutionConfigurationPlatforms) = preSolution
		Debug|x64 = Debug|x64
		Debug|x86 = Debug|x86
		Release|x64 = Release|x64
		Release|x86 = Release|x86
	EndGlobalSection
	GlobalSection(ProjectConfigurationPlatforms) = postSolution
		{2A6383B3-CC64-411C-914A-7966FF8CCBED}.Debug|x64.ActiveCfg = Debug|x64
		{2A6383B3-CC64-411C-914A-7966FF8CCBED}.Debug|x64.Build.0 = Debug|x64
		{2A6383B3-CC64-411C-914A-7966FF8CCBED}.Debug|x86.ActiveCfg = Debug|Win32
		{2A6383B3-CC64-411C-914A-7966FF8CCBED}.Debug|x86.Build.0 = Debug|Win32
		{2A6383B3-CC64-411C-914A-7966FF8CCBED}.Release|x64.ActiveCfg = Release|x64
		{2A6383B3-CC64-411C-914A-7966FF8CCBED}.Release|x64.Build.0 = Release|x64
		{2A6383B3-CC64-411C-914A-7966FF8CCBED}.Release|x86.ActiveCfg = Release|Win32
		{2A6383B3-CC64-411C-914A-7966FF8CCBED}.Release|x86.Build.0 = Release|Win32
		{BAC6DBE9-4362-48D9-B367-8B0592783B4D}.Debug|x64.ActiveCfg = Debug|x64
		{BAC6DBE9-4362-48D9-B367-8B0592783B4D}.Debug|x64.Build.0 = Debug|x64
		{BAC6DBE9-4362-48D9-B367-8B0592783B4D}.Debug|x86.ActiveCfg = Debug|Win32
		{BAC6DBE9-4362-48D9-B367-8B0592783B4D}.Debug|x86.Build.0 = Debug|Win32
		{BAC6DBE9-4362-48D9-B367-8B0592783B4D}.Release|x64.ActiveCfg = Release|x64
		{BAC6DBE9-4362-48D9-B367-8B0592783B4D}.Release|x64.Build.0 = Release|x64
		{BAC6DBE9-4362-48D9-B367-8B0592783B4D}.Release|x86.ActiveCfg = Release|Win32
		{BAC6DBE9-4362-48D9-B367-8B0592783B4D}.Release|x86.Build.0 = Release|Win32
	EndGlobalSection
	GlobalSection(SolutionProperties) = preSolution
		HideSolutionNode = FALSE
	EndGlobalSection
	GlobalSection(ExtensibilityGlobals) = postSolution
		SolutionGuid = {865772A3-62F4-47F1-A676-58944340577D}
	EndGlobalSection
EndGlobal
