
Microsoft Visual Studio Solution File, Format Version 12.00
# Visual Studio Version 16
VisualStudioVersion = 16.0.30204.135
MinimumVisualStudioVersion = 10.0.40219.1
Project("{8BC9CEB8-8B4A-11D0-8D11-00A0C91BC942}") = "DSPA2", "DSPA2\DSPA2.vcxproj", "{FED76FCC-A840-48C9-B977-7B94C47C20DD}"
EndProject
Project("{8BC9CEB8-8B4A-11D0-8D11-00A0C91BC942}") = "DSPA1", "..\DSPA1\DSPA1\DSPA1.vcxproj", "{B9B29AB2-607C-4FDD-A977-DD6FFB7AF1A4}"
EndProject
Project("{8BC9CEB8-8B4A-11D0-8D11-00A0C91BC942}") = "playground", "..\122Lab1\playground\playground.vcxproj", "{7E242E03-79FD-4390-89BB-357691902E3B}"
EndProject
Project("{8BC9CEB8-8B4A-11D0-8D11-00A0C91BC942}") = "PA3", "..\PA3\PA3\PA3.vcxproj", "{B01A6677-D4C8-4E6F-81F2-F98A1BF5AE8F}"
EndProject
Global
	GlobalSection(SolutionConfigurationPlatforms) = preSolution
		Debug|x64 = Debug|x64
		Debug|x86 = Debug|x86
		Release|x64 = Release|x64
		Release|x86 = Release|x86
	EndGlobalSection
	GlobalSection(ProjectConfigurationPlatforms) = postSolution
		{FED76FCC-A840-48C9-B977-7B94C47C20DD}.Debug|x64.ActiveCfg = Debug|x64
		{FED76FCC-A840-48C9-B977-7B94C47C20DD}.Debug|x64.Build.0 = Debug|x64
		{FED76FCC-A840-48C9-B977-7B94C47C20DD}.Debug|x86.ActiveCfg = Debug|Win32
		{FED76FCC-A840-48C9-B977-7B94C47C20DD}.Debug|x86.Build.0 = Debug|Win32
		{FED76FCC-A840-48C9-B977-7B94C47C20DD}.Release|x64.ActiveCfg = Release|x64
		{FED76FCC-A840-48C9-B977-7B94C47C20DD}.Release|x64.Build.0 = Release|x64
		{FED76FCC-A840-48C9-B977-7B94C47C20DD}.Release|x86.ActiveCfg = Release|Win32
		{FED76FCC-A840-48C9-B977-7B94C47C20DD}.Release|x86.Build.0 = Release|Win32
		{B9B29AB2-607C-4FDD-A977-DD6FFB7AF1A4}.Debug|x64.ActiveCfg = Debug|x64
		{B9B29AB2-607C-4FDD-A977-DD6FFB7AF1A4}.Debug|x64.Build.0 = Debug|x64
		{B9B29AB2-607C-4FDD-A977-DD6FFB7AF1A4}.Debug|x86.ActiveCfg = Debug|Win32
		{B9B29AB2-607C-4FDD-A977-DD6FFB7AF1A4}.Debug|x86.Build.0 = Debug|Win32
		{B9B29AB2-607C-4FDD-A977-DD6FFB7AF1A4}.Release|x64.ActiveCfg = Release|x64
		{B9B29AB2-607C-4FDD-A977-DD6FFB7AF1A4}.Release|x64.Build.0 = Release|x64
		{B9B29AB2-607C-4FDD-A977-DD6FFB7AF1A4}.Release|x86.ActiveCfg = Release|Win32
		{B9B29AB2-607C-4FDD-A977-DD6FFB7AF1A4}.Release|x86.Build.0 = Release|Win32
		{7E242E03-79FD-4390-89BB-357691902E3B}.Debug|x64.ActiveCfg = Debug|x64
		{7E242E03-79FD-4390-89BB-357691902E3B}.Debug|x64.Build.0 = Debug|x64
		{7E242E03-79FD-4390-89BB-357691902E3B}.Debug|x86.ActiveCfg = Debug|Win32
		{7E242E03-79FD-4390-89BB-357691902E3B}.Debug|x86.Build.0 = Debug|Win32
		{7E242E03-79FD-4390-89BB-357691902E3B}.Release|x64.ActiveCfg = Release|x64
		{7E242E03-79FD-4390-89BB-357691902E3B}.Release|x64.Build.0 = Release|x64
		{7E242E03-79FD-4390-89BB-357691902E3B}.Release|x86.ActiveCfg = Release|Win32
		{7E242E03-79FD-4390-89BB-357691902E3B}.Release|x86.Build.0 = Release|Win32
		{B01A6677-D4C8-4E6F-81F2-F98A1BF5AE8F}.Debug|x64.ActiveCfg = Debug|x64
		{B01A6677-D4C8-4E6F-81F2-F98A1BF5AE8F}.Debug|x64.Build.0 = Debug|x64
		{B01A6677-D4C8-4E6F-81F2-F98A1BF5AE8F}.Debug|x86.ActiveCfg = Debug|Win32
		{B01A6677-D4C8-4E6F-81F2-F98A1BF5AE8F}.Debug|x86.Build.0 = Debug|Win32
		{B01A6677-D4C8-4E6F-81F2-F98A1BF5AE8F}.Release|x64.ActiveCfg = Release|x64
		{B01A6677-D4C8-4E6F-81F2-F98A1BF5AE8F}.Release|x64.Build.0 = Release|x64
		{B01A6677-D4C8-4E6F-81F2-F98A1BF5AE8F}.Release|x86.ActiveCfg = Release|Win32
		{B01A6677-D4C8-4E6F-81F2-F98A1BF5AE8F}.Release|x86.Build.0 = Release|Win32
	EndGlobalSection
	GlobalSection(SolutionProperties) = preSolution
		HideSolutionNode = FALSE
	EndGlobalSection
	GlobalSection(ExtensibilityGlobals) = postSolution
		SolutionGuid = {DF209870-CF6D-4864-9501-C5E3F442F032}
	EndGlobalSection
EndGlobal
